// !$*UTF8*$!
{
	archiveVersion = 1;
	classes = {
	};
	objectVersion = 77;
	objects = {

/* Begin PBXBuildFile section */
		12A272992F021E3F00020DD6 /* FirebaseStorage in Frameworks */ = {isa = PBXBuildFile; productRef = 12A272982F021E3F00020DD6 /* FirebaseStorage */; };
		D08304AC2F014FCA00289EEC /* FirebaseAnalytics in Frameworks */ = {isa = PBXBuildFile; productRef = D08304AB2F014FCA00289EEC /* FirebaseAnalytics */; };
		D08304AE2F014FCA00289EEC /* FirebaseAuth in Frameworks */ = {isa = PBXBuildFile; productRef = D08304AD2F014FCA00289EEC /* FirebaseAuth */; };
		D08304B02F014FCA00289EEC /* FirebaseCore in Frameworks */ = {isa = PBXBuildFile; productRef = D08304AF2F014FCA00289EEC /* FirebaseCore */; };
		D08304B22F014FCA00289EEC /* FirebaseCrashlytics in Frameworks */ = {isa = PBXBuildFile; productRef = D08304B12F014FCA00289EEC /* FirebaseCrashlytics */; };
		D08304B42F014FCA00289EEC /* FirebaseFirestore in Frameworks */ = {isa = PBXBuildFile; productRef = D08304B32F014FCA00289EEC /* FirebaseFirestore */; };
		D08304B62F014FCA00289EEC /* FirebaseMessaging in Frameworks */ = {isa = PBXBuildFile; productRef = D08304B52F014FCA00289EEC /* FirebaseMessaging */; };
		D08304B92F01527400289EEC /* Cloudinary in Frameworks */ = {isa = PBXBuildFile; productRef = D08304B82F01527400289EEC /* Cloudinary */; };
		D0DEA5592F0060990008C402 /* GoogleService-Info.plist in Resources */ = {isa = PBXBuildFile; fileRef = D0DEA5582F0060990008C402 /* GoogleService-Info.plist */; };
		D0DEA55A2F0060990008C402 /* GoogleService-Info.plist in Resources */ = {isa = PBXBuildFile; fileRef = D0DEA5582F0060990008C402 /* GoogleService-Info.plist */; };
		D0DEA55B2F0060990008C402 /* GoogleService-Info.plist in Resources */ = {isa = PBXBuildFile; fileRef = D0DEA5582F0060990008C402 /* GoogleService-Info.plist */; };
		D0E725422F009AB300365A28 /* SecuritySettingsViewController.swift in Sources */ = {isa = PBXBuildFile; fileRef = D0E725412F009AB300365A28 /* SecuritySettingsViewController.swift */; };
		D0E725432F009AB300365A28 /* SecuritySettingsViewController.swift in Sources */ = {isa = PBXBuildFile; fileRef = D0E725412F009AB300365A28 /* SecuritySettingsViewController.swift */; };
		D0E725442F009AB300365A28 /* SecuritySettingsViewController.swift in Sources */ = {isa = PBXBuildFile; fileRef = D0E725412F009AB300365A28 /* SecuritySettingsViewController.swift */; };
/* End PBXBuildFile section */

/* Begin PBXContainerItemProxy section */
		5FEF8B792EDA363A007D3A97 /* PBXContainerItemProxy */ = {
			isa = PBXContainerItemProxy;
			containerPortal = 5FEF8B5A2EDA3636007D3A97 /* Project object */;
			proxyType = 1;
			remoteGlobalIDString = 5FEF8B612EDA3636007D3A97;
			remoteInfo = ProjectSimulator;
		};
		5FEF8B832EDA363A007D3A97 /* PBXContainerItemProxy */ = {
			isa = PBXContainerItemProxy;
			containerPortal = 5FEF8B5A2EDA3636007D3A97 /* Project object */;
			proxyType = 1;
			remoteGlobalIDString = 5FEF8B612EDA3636007D3A97;
			remoteInfo = ProjectSimulator;
		};
/* End PBXContainerItemProxy section */

/* Begin PBXFileReference section */
		5FEF8B622EDA3636007D3A97 /* ProjectSimulator.app */ = {isa = PBXFileReference; explicitFileType = wrapper.application; includeInIndex = 0; path = ProjectSimulator.app; sourceTree = BUILT_PRODUCTS_DIR; };
		5FEF8B782EDA363A007D3A97 /* ProjectSimulatorTests.xctest */ = {isa = PBXFileReference; explicitFileType = wrapper.cfbundle; includeInIndex = 0; path = ProjectSimulatorTests.xctest; sourceTree = BUILT_PRODUCTS_DIR; };
		5FEF8B822EDA363A007D3A97 /* ProjectSimulatorUITests.xctest */ = {isa = PBXFileReference; explicitFileType = wrapper.cfbundle; includeInIndex = 0; path = ProjectSimulatorUITests.xctest; sourceTree = BUILT_PRODUCTS_DIR; };
		D0DEA5582F0060990008C402 /* GoogleService-Info.plist */ = {isa = PBXFileReference; lastKnownFileType = text.plist.xml; path = "GoogleService-Info.plist"; sourceTree = "<group>"; };
		D0E725412F009AB300365A28 /* SecuritySettingsViewController.swift */ = {isa = PBXFileReference; lastKnownFileType = sourcecode.swift; path = SecuritySettingsViewController.swift; sourceTree = "<group>"; };
/* End PBXFileReference section */

/* Begin PBXFileSystemSynchronizedBuildFileExceptionSet section */
		7A8446E92F02A51400DCB566 /* Exceptions for "ProjectSimulator" folder in "ProjectSimulatorTests" target */ = {
			isa = PBXFileSystemSynchronizedBuildFileExceptionSet;
			membershipExceptions = (
				Fatima/ManageUsersPreviewTableViewCell.swift,
				Fatima/UserPreviewCardCell.swift,
				Raghad/Raghad1.storyboard,
				"Zahraa Hubail/DonationCollectionViewCell.swift",
				"Zahraa Hubail/Donations.storyboard",
				"Zahraa Hubail/DonationViewController.swift",
				"Zahraa Hubail/EditDonationViewController.swift",
				"Zahraa Hubail/ExcelExporter.swift",
				"Zahraa Hubail/NotificationsCollectionViewCell.swift",
				"Zahraa Hubail/NotificationsViewController.swift",
				"Zahraa Hubail/Section1TableViewCell.swift",
				"Zahraa Hubail/Section2TableViewCell.swift",
				"Zahraa Hubail/Section3TableViewCell.swift",
				"Zahraa Hubail/StatusCollectionViewCell.swift",
				"Zahraa Hubail/TestViewController.swift",
				"Zahraa Hubail/UIImageView+URLZH.swift",
				"Zahraa Hubail/ZahraaAddressPageViewController.swift",
				"Zahraa Hubail/ZahraaAddressTableViewCell.swift",
				"Zahraa Hubail/ZahraaFile.swift",
				"Zahraa Hubail/ZahraaPickUpDateTableViewCell.swift",
				"Zahraa Hubail/ZahraaPickUpTimeTableViewCell.swift",
				"Zahraa Hubail/ZahraaRecurrenceTableViewCell.swift",
				"Zahraa Hubail/ZahraaSection1TableViewCell.swift",
				"Zahraa Hubail/ZahraaSection2TableViewCell.swift",
				"Zahraa Hubail/ZahraaSection3TableViewCell.swift",
				"Zahraa Hubail/ZahraaSection4TableViewCell.swift",
				"Zahraa Hubail/ZahraaSection5TableViewCell.swift",
				"Zahraa Hubail/ZahraaSection6TableViewCell.swift",
				"Zahraa Hubail/ZahraaSection7TableViewCell.swift",
				"Zahraa Hubail/ZahraaSection8TableViewCell.swift",
				"Zahraa Hubail/ZHRejectionReasonViewController.swift",
			);
			target = 5FEF8B772EDA363A007D3A97 /* ProjectSimulatorTests */;
		};
		7A8446EA2F02A51400DCB566 /* Exceptions for "ProjectSimulator" folder in "ProjectSimulatorUITests" target */ = {
			isa = PBXFileSystemSynchronizedBuildFileExceptionSet;
			membershipExceptions = (
				Fatima/ManageUsersPreviewTableViewCell.swift,
				Fatima/UserPreviewCardCell.swift,
				Raghad/Raghad1.storyboard,
				"Zahraa Hubail/DonationCollectionViewCell.swift",
				"Zahraa Hubail/Donations.storyboard",
				"Zahraa Hubail/DonationViewController.swift",
				"Zahraa Hubail/EditDonationViewController.swift",
				"Zahraa Hubail/ExcelExporter.swift",
				"Zahraa Hubail/NotificationsCollectionViewCell.swift",
				"Zahraa Hubail/NotificationsViewController.swift",
				"Zahraa Hubail/Section1TableViewCell.swift",
				"Zahraa Hubail/Section2TableViewCell.swift",
				"Zahraa Hubail/Section3TableViewCell.swift",
				"Zahraa Hubail/StatusCollectionViewCell.swift",
				"Zahraa Hubail/TestViewController.swift",
				"Zahraa Hubail/UIImageView+URLZH.swift",
				"Zahraa Hubail/ZahraaAddressPageViewController.swift",
				"Zahraa Hubail/ZahraaAddressTableViewCell.swift",
				"Zahraa Hubail/ZahraaFile.swift",
				"Zahraa Hubail/ZahraaPickUpDateTableViewCell.swift",
				"Zahraa Hubail/ZahraaPickUpTimeTableViewCell.swift",
				"Zahraa Hubail/ZahraaRecurrenceTableViewCell.swift",
				"Zahraa Hubail/ZahraaSection1TableViewCell.swift",
				"Zahraa Hubail/ZahraaSection2TableViewCell.swift",
				"Zahraa Hubail/ZahraaSection3TableViewCell.swift",
				"Zahraa Hubail/ZahraaSection4TableViewCell.swift",
				"Zahraa Hubail/ZahraaSection5TableViewCell.swift",
				"Zahraa Hubail/ZahraaSection6TableViewCell.swift",
				"Zahraa Hubail/ZahraaSection7TableViewCell.swift",
				"Zahraa Hubail/ZahraaSection8TableViewCell.swift",
				"Zahraa Hubail/ZHRejectionReasonViewController.swift",
			);
			target = 5FEF8B812EDA363A007D3A97 /* ProjectSimulatorUITests */;
		};
		BD7D26162F01836900C69F2D /* Exceptions for "ProjectSimulator" folder in "ProjectSimulator" target */ = {
			isa = PBXFileSystemSynchronizedBuildFileExceptionSet;
			membershipExceptions = (
				Info.plist,
			);
			target = 5FEF8B612EDA3636007D3A97 /* ProjectSimulator */;
		};
/* End PBXFileSystemSynchronizedBuildFileExceptionSet section */

/* Begin PBXFileSystemSynchronizedRootGroup section */
		5FEF8B642EDA3636007D3A97 /* ProjectSimulator */ = {
			isa = PBXFileSystemSynchronizedRootGroup;
			exceptions = (
				BD7D26162F01836900C69F2D /* Exceptions for "ProjectSimulator" folder in "ProjectSimulator" target */,
				7A8446E92F02A51400DCB566 /* Exceptions for "ProjectSimulator" folder in "ProjectSimulatorTests" target */,
				7A8446EA2F02A51400DCB566 /* Exceptions for "ProjectSimulator" folder in "ProjectSimulatorUITests" target */,
			);
			path = ProjectSimulator;
			sourceTree = "<group>";
		};
		5FEF8B7B2EDA363A007D3A97 /* ProjectSimulatorTests */ = {
			isa = PBXFileSystemSynchronizedRootGroup;
			path = ProjectSimulatorTests;
			sourceTree = "<group>";
		};
		5FEF8B852EDA363A007D3A97 /* ProjectSimulatorUITests */ = {
			isa = PBXFileSystemSynchronizedRootGroup;
			path = ProjectSimulatorUITests;
			sourceTree = "<group>";
		};
/* End PBXFileSystemSynchronizedRootGroup section */

/* Begin PBXFrameworksBuildPhase section */
		5FEF8B5F2EDA3636007D3A97 /* Frameworks */ = {
			isa = PBXFrameworksBuildPhase;
			buildActionMask = 2147483647;
			files = (
				D08304B92F01527400289EEC /* Cloudinary in Frameworks */,
				D08304B62F014FCA00289EEC /* FirebaseMessaging in Frameworks */,
				D08304AC2F014FCA00289EEC /* FirebaseAnalytics in Frameworks */,
				D08304B22F014FCA00289EEC /* FirebaseCrashlytics in Frameworks */,
				D08304B02F014FCA00289EEC /* FirebaseCore in Frameworks */,
				12A272992F021E3F00020DD6 /* FirebaseStorage in Frameworks */,
				D08304B42F014FCA00289EEC /* FirebaseFirestore in Frameworks */,
				D08304AE2F014FCA00289EEC /* FirebaseAuth in Frameworks */,
			);
			runOnlyForDeploymentPostprocessing = 0;
		};
		5FEF8B752EDA363A007D3A97 /* Frameworks */ = {
			isa = PBXFrameworksBuildPhase;
			buildActionMask = 2147483647;
			files = (
			);
			runOnlyForDeploymentPostprocessing = 0;
		};
		5FEF8B7F2EDA363A007D3A97 /* Frameworks */ = {
			isa = PBXFrameworksBuildPhase;
			buildActionMask = 2147483647;
			files = (
			);
			runOnlyForDeploymentPostprocessing = 0;
		};
/* End PBXFrameworksBuildPhase section */

/* Begin PBXGroup section */
		5FEF8B592EDA3636007D3A97 = {
			isa = PBXGroup;
			children = (
				D0E725412F009AB300365A28 /* SecuritySettingsViewController.swift */,
				D0DEA5582F0060990008C402 /* GoogleService-Info.plist */,
				5FEF8B642EDA3636007D3A97 /* ProjectSimulator */,
				5FEF8B7B2EDA363A007D3A97 /* ProjectSimulatorTests */,
				5FEF8B852EDA363A007D3A97 /* ProjectSimulatorUITests */,
				D06572652EFDC17D00F89FB8 /* Frameworks */,
				5FEF8B632EDA3636007D3A97 /* Products */,
			);
			sourceTree = "<group>";
		};
		5FEF8B632EDA3636007D3A97 /* Products */ = {
			isa = PBXGroup;
			children = (
				5FEF8B622EDA3636007D3A97 /* ProjectSimulator.app */,
				5FEF8B782EDA363A007D3A97 /* ProjectSimulatorTests.xctest */,
				5FEF8B822EDA363A007D3A97 /* ProjectSimulatorUITests.xctest */,
			);
			name = Products;
			sourceTree = "<group>";
		};
		D06572652EFDC17D00F89FB8 /* Frameworks */ = {
			isa = PBXGroup;
			children = (
			);
			name = Frameworks;
			sourceTree = "<group>";
		};
/* End PBXGroup section */

/* Begin PBXNativeTarget section */
		5FEF8B612EDA3636007D3A97 /* ProjectSimulator */ = {
			isa = PBXNativeTarget;
			buildConfigurationList = 5FEF8B8B2EDA363A007D3A97 /* Build configuration list for PBXNativeTarget "ProjectSimulator" */;
			buildPhases = (
				5FEF8B5E2EDA3636007D3A97 /* Sources */,
				5FEF8B5F2EDA3636007D3A97 /* Frameworks */,
				5FEF8B602EDA3636007D3A97 /* Resources */,
			);
			buildRules = (
			);
			dependencies = (
			);
			fileSystemSynchronizedGroups = (
				5FEF8B642EDA3636007D3A97 /* ProjectSimulator */,
			);
			name = ProjectSimulator;
			packageProductDependencies = (
				D08304AB2F014FCA00289EEC /* FirebaseAnalytics */,
				D08304AD2F014FCA00289EEC /* FirebaseAuth */,
				D08304AF2F014FCA00289EEC /* FirebaseCore */,
				D08304B12F014FCA00289EEC /* FirebaseCrashlytics */,
				D08304B32F014FCA00289EEC /* FirebaseFirestore */,
				D08304B52F014FCA00289EEC /* FirebaseMessaging */,
				D08304B82F01527400289EEC /* Cloudinary */,
				12A272982F021E3F00020DD6 /* FirebaseStorage */,
			);
			productName = ProjectSimulator;
			productReference = 5FEF8B622EDA3636007D3A97 /* ProjectSimulator.app */;
			productType = "com.apple.product-type.application";
		};
		5FEF8B772EDA363A007D3A97 /* ProjectSimulatorTests */ = {
			isa = PBXNativeTarget;
			buildConfigurationList = 5FEF8B902EDA363A007D3A97 /* Build configuration list for PBXNativeTarget "ProjectSimulatorTests" */;
			buildPhases = (
				5FEF8B742EDA363A007D3A97 /* Sources */,
				5FEF8B752EDA363A007D3A97 /* Frameworks */,
				5FEF8B762EDA363A007D3A97 /* Resources */,
			);
			buildRules = (
			);
			dependencies = (
				5FEF8B7A2EDA363A007D3A97 /* PBXTargetDependency */,
			);
			fileSystemSynchronizedGroups = (
				5FEF8B7B2EDA363A007D3A97 /* ProjectSimulatorTests */,
			);
			name = ProjectSimulatorTests;
			packageProductDependencies = (
			);
			productName = ProjectSimulatorTests;
			productReference = 5FEF8B782EDA363A007D3A97 /* ProjectSimulatorTests.xctest */;
			productType = "com.apple.product-type.bundle.unit-test";
		};
		5FEF8B812EDA363A007D3A97 /* ProjectSimulatorUITests */ = {
			isa = PBXNativeTarget;
			buildConfigurationList = 5FEF8B932EDA363A007D3A97 /* Build configuration list for PBXNativeTarget "ProjectSimulatorUITests" */;
			buildPhases = (
				5FEF8B7E2EDA363A007D3A97 /* Sources */,
				5FEF8B7F2EDA363A007D3A97 /* Frameworks */,
				5FEF8B802EDA363A007D3A97 /* Resources */,
			);
			buildRules = (
			);
			dependencies = (
				5FEF8B842EDA363A007D3A97 /* PBXTargetDependency */,
			);
			fileSystemSynchronizedGroups = (
				5FEF8B852EDA363A007D3A97 /* ProjectSimulatorUITests */,
			);
			name = ProjectSimulatorUITests;
			packageProductDependencies = (
			);
			productName = ProjectSimulatorUITests;
			productReference = 5FEF8B822EDA363A007D3A97 /* ProjectSimulatorUITests.xctest */;
			productType = "com.apple.product-type.bundle.ui-testing";
		};
/* End PBXNativeTarget section */

/* Begin PBXProject section */
		5FEF8B5A2EDA3636007D3A97 /* Project object */ = {
			isa = PBXProject;
			attributes = {
				BuildIndependentTargetsInParallel = 1;
				LastSwiftUpdateCheck = 1640;
				LastUpgradeCheck = 1640;
				TargetAttributes = {
					5FEF8B612EDA3636007D3A97 = {
						CreatedOnToolsVersion = 16.4;
					};
					5FEF8B772EDA363A007D3A97 = {
						CreatedOnToolsVersion = 16.4;
						TestTargetID = 5FEF8B612EDA3636007D3A97;
					};
					5FEF8B812EDA363A007D3A97 = {
						CreatedOnToolsVersion = 16.4;
						TestTargetID = 5FEF8B612EDA3636007D3A97;
					};
				};
			};
			buildConfigurationList = 5FEF8B5D2EDA3636007D3A97 /* Build configuration list for PBXProject "ProjectSimulator" */;
			developmentRegion = en;
			hasScannedForEncodings = 0;
			knownRegions = (
				en,
				Base,
			);
			mainGroup = 5FEF8B592EDA3636007D3A97;
			minimizedProjectReferenceProxies = 1;
			packageReferences = (
				D08304AA2F014FCA00289EEC /* XCRemoteSwiftPackageReference "firebase-ios-sdk" */,
				D08304B72F01527400289EEC /* XCRemoteSwiftPackageReference "cloudinary_ios" */,
			);
			preferredProjectObjectVersion = 77;
			productRefGroup = 5FEF8B632EDA3636007D3A97 /* Products */;
			projectDirPath = "";
			projectRoot = "";
			targets = (
				5FEF8B612EDA3636007D3A97 /* ProjectSimulator */,
				5FEF8B772EDA363A007D3A97 /* ProjectSimulatorTests */,
				5FEF8B812EDA363A007D3A97 /* ProjectSimulatorUITests */,
			);
		};
/* End PBXProject section */

/* Begin PBXResourcesBuildPhase section */
		5FEF8B602EDA3636007D3A97 /* Resources */ = {
			isa = PBXResourcesBuildPhase;
			buildActionMask = 2147483647;
			files = (
				D0DEA55A2F0060990008C402 /* GoogleService-Info.plist in Resources */,
			);
			runOnlyForDeploymentPostprocessing = 0;
		};
		5FEF8B762EDA363A007D3A97 /* Resources */ = {
			isa = PBXResourcesBuildPhase;
			buildActionMask = 2147483647;
			files = (
				D0DEA5592F0060990008C402 /* GoogleService-Info.plist in Resources */,
			);
			runOnlyForDeploymentPostprocessing = 0;
		};
		5FEF8B802EDA363A007D3A97 /* Resources */ = {
			isa = PBXResourcesBuildPhase;
			buildActionMask = 2147483647;
			files = (
				D0DEA55B2F0060990008C402 /* GoogleService-Info.plist in Resources */,
			);
			runOnlyForDeploymentPostprocessing = 0;
		};
/* End PBXResourcesBuildPhase section */

/* Begin PBXSourcesBuildPhase section */
		5FEF8B5E2EDA3636007D3A97 /* Sources */ = {
			isa = PBXSourcesBuildPhase;
			buildActionMask = 2147483647;
			files = (
				D0E725422F009AB300365A28 /* SecuritySettingsViewController.swift in Sources */,
			);
			runOnlyForDeploymentPostprocessing = 0;
		};
		5FEF8B742EDA363A007D3A97 /* Sources */ = {
			isa = PBXSourcesBuildPhase;
			buildActionMask = 2147483647;
			files = (
				D0E725432F009AB300365A28 /* SecuritySettingsViewController.swift in Sources */,
			);
			runOnlyForDeploymentPostprocessing = 0;
		};
		5FEF8B7E2EDA363A007D3A97 /* Sources */ = {
			isa = PBXSourcesBuildPhase;
			buildActionMask = 2147483647;
			files = (
				D0E725442F009AB300365A28 /* SecuritySettingsViewController.swift in Sources */,
			);
			runOnlyForDeploymentPostprocessing = 0;
		};
/* End PBXSourcesBuildPhase section */

/* Begin PBXTargetDependency section */
		5FEF8B7A2EDA363A007D3A97 /* PBXTargetDependency */ = {
			isa = PBXTargetDependency;
			target = 5FEF8B612EDA3636007D3A97 /* ProjectSimulator */;
			targetProxy = 5FEF8B792EDA363A007D3A97 /* PBXContainerItemProxy */;
		};
		5FEF8B842EDA363A007D3A97 /* PBXTargetDependency */ = {
			isa = PBXTargetDependency;
			target = 5FEF8B612EDA3636007D3A97 /* ProjectSimulator */;
			targetProxy = 5FEF8B832EDA363A007D3A97 /* PBXContainerItemProxy */;
		};
/* End PBXTargetDependency section */

/* Begin XCBuildConfiguration section */
		5FEF8B8C2EDA363A007D3A97 /* Debug */ = {
			isa = XCBuildConfiguration;
			buildSettings = {
				ASSETCATALOG_COMPILER_APPICON_NAME = AppIcon;
				ASSETCATALOG_COMPILER_GLOBAL_ACCENT_COLOR_NAME = AccentColor;
				CODE_SIGN_STYLE = Automatic;
				CURRENT_PROJECT_VERSION = 1;
				DEVELOPMENT_TEAM = 7FMYPPL38A;
				GENERATE_INFOPLIST_FILE = YES;
				INFOPLIST_FILE = ProjectSimulator/Info.plist;
				INFOPLIST_KEY_CFBundleDisplayName = "Nourish Bahrain";
				INFOPLIST_KEY_UIApplicationSupportsIndirectInputEvents = YES;
				INFOPLIST_KEY_UILaunchStoryboardName = LaunchScreen.storyboard;
				INFOPLIST_KEY_UIMainStoryboardFile = Main;
				INFOPLIST_KEY_UISupportedInterfaceOrientations_iPad = "UIInterfaceOrientationPortrait UIInterfaceOrientationPortraitUpsideDown UIInterfaceOrientationLandscapeLeft UIInterfaceOrientationLandscapeRight";
				INFOPLIST_KEY_UISupportedInterfaceOrientations_iPhone = "UIInterfaceOrientationPortrait UIInterfaceOrientationLandscapeLeft UIInterfaceOrientationLandscapeRight";
				LD_RUNPATH_SEARCH_PATHS = (
					"$(inherited)",
					"@executable_path/Frameworks",
				);
				MARKETING_VERSION = 1.0;
				PRODUCT_BUNDLE_IDENTIFIER = com.bignerdranch.ProjectSimulator;
				PRODUCT_NAME = "$(TARGET_NAME)";
				SWIFT_EMIT_LOC_STRINGS = YES;
				SWIFT_VERSION = 5.0;
				TARGETED_DEVICE_FAMILY = "1,2";
			};
			name = Debug;
		};
		5FEF8B8D2EDA363A007D3A97 /* Release */ = {
			isa = XCBuildConfiguration;
			buildSettings = {
				ASSETCATALOG_COMPILER_APPICON_NAME = AppIcon;
				ASSETCATALOG_COMPILER_GLOBAL_ACCENT_COLOR_NAME = AccentColor;
				CODE_SIGN_STYLE = Automatic;
				CURRENT_PROJECT_VERSION = 1;
				DEVELOPMENT_TEAM = 7FMYPPL38A;
				GENERATE_INFOPLIST_FILE = YES;
				INFOPLIST_FILE = ProjectSimulator/Info.plist;
				INFOPLIST_KEY_CFBundleDisplayName = "Nourish Bahrain";
				INFOPLIST_KEY_UIApplicationSupportsIndirectInputEvents = YES;
				INFOPLIST_KEY_UILaunchStoryboardName = LaunchScreen.storyboard;
				INFOPLIST_KEY_UIMainStoryboardFile = Main;
				INFOPLIST_KEY_UISupportedInterfaceOrientations_iPad = "UIInterfaceOrientationPortrait UIInterfaceOrientationPortraitUpsideDown UIInterfaceOrientationLandscapeLeft UIInterfaceOrientationLandscapeRight";
				INFOPLIST_KEY_UISupportedInterfaceOrientations_iPhone = "UIInterfaceOrientationPortrait UIInterfaceOrientationLandscapeLeft UIInterfaceOrientationLandscapeRight";
				LD_RUNPATH_SEARCH_PATHS = (
					"$(inherited)",
					"@executable_path/Frameworks",
				);
				MARKETING_VERSION = 1.0;
				PRODUCT_BUNDLE_IDENTIFIER = com.bignerdranch.ProjectSimulator;
				PRODUCT_NAME = "$(TARGET_NAME)";
				SWIFT_EMIT_LOC_STRINGS = YES;
				SWIFT_VERSION = 5.0;
				TARGETED_DEVICE_FAMILY = "1,2";
			};
			name = Release;
		};
		5FEF8B8E2EDA363A007D3A97 /* Debug */ = {
			isa = XCBuildConfiguration;
			buildSettings = {
				ALWAYS_SEARCH_USER_PATHS = NO;
				ASSETCATALOG_COMPILER_GENERATE_SWIFT_ASSET_SYMBOL_EXTENSIONS = YES;
				CLANG_ANALYZER_NONNULL = YES;
				CLANG_ANALYZER_NUMBER_OBJECT_CONVERSION = YES_AGGRESSIVE;
				CLANG_CXX_LANGUAGE_STANDARD = "gnu++20";
				CLANG_ENABLE_MODULES = YES;
				CLANG_ENABLE_OBJC_ARC = YES;
				CLANG_ENABLE_OBJC_WEAK = YES;
				CLANG_WARN_BLOCK_CAPTURE_AUTORELEASING = YES;
				CLANG_WARN_BOOL_CONVERSION = YES;
				CLANG_WARN_COMMA = YES;
				CLANG_WARN_CONSTANT_CONVERSION = YES;
				CLANG_WARN_DEPRECATED_OBJC_IMPLEMENTATIONS = YES;
				CLANG_WARN_DIRECT_OBJC_ISA_USAGE = YES_ERROR;
				CLANG_WARN_DOCUMENTATION_COMMENTS = YES;
				CLANG_WARN_EMPTY_BODY = YES;
				CLANG_WARN_ENUM_CONVERSION = YES;
				CLANG_WARN_INFINITE_RECURSION = YES;
				CLANG_WARN_INT_CONVERSION = YES;
				CLANG_WARN_NON_LITERAL_NULL_CONVERSION = YES;
				CLANG_WARN_OBJC_IMPLICIT_RETAIN_SELF = YES;
				CLANG_WARN_OBJC_LITERAL_CONVERSION = YES;
				CLANG_WARN_OBJC_ROOT_CLASS = YES_ERROR;
				CLANG_WARN_QUOTED_INCLUDE_IN_FRAMEWORK_HEADER = YES;
				CLANG_WARN_RANGE_LOOP_ANALYSIS = YES;
				CLANG_WARN_STRICT_PROTOTYPES = YES;
				CLANG_WARN_SUSPICIOUS_MOVE = YES;
				CLANG_WARN_UNGUARDED_AVAILABILITY = YES_AGGRESSIVE;
				CLANG_WARN_UNREACHABLE_CODE = YES;
				CLANG_WARN__DUPLICATE_METHOD_MATCH = YES;
				COPY_PHASE_STRIP = NO;
				DEBUG_INFORMATION_FORMAT = dwarf;
				ENABLE_STRICT_OBJC_MSGSEND = YES;
				ENABLE_TESTABILITY = YES;
				ENABLE_USER_SCRIPT_SANDBOXING = YES;
				GCC_C_LANGUAGE_STANDARD = gnu17;
				GCC_DYNAMIC_NO_PIC = NO;
				GCC_NO_COMMON_BLOCKS = YES;
				GCC_OPTIMIZATION_LEVEL = 0;
				GCC_PREPROCESSOR_DEFINITIONS = (
					"DEBUG=1",
					"$(inherited)",
				);
				GCC_WARN_64_TO_32_BIT_CONVERSION = YES;
				GCC_WARN_ABOUT_RETURN_TYPE = YES_ERROR;
				GCC_WARN_UNDECLARED_SELECTOR = YES;
				GCC_WARN_UNINITIALIZED_AUTOS = YES_AGGRESSIVE;
				GCC_WARN_UNUSED_FUNCTION = YES;
				GCC_WARN_UNUSED_VARIABLE = YES;
				IPHONEOS_DEPLOYMENT_TARGET = 18.5;
				LOCALIZATION_PREFERS_STRING_CATALOGS = YES;
				MTL_ENABLE_DEBUG_INFO = INCLUDE_SOURCE;
				MTL_FAST_MATH = YES;
				ONLY_ACTIVE_ARCH = YES;
				SDKROOT = iphoneos;
				SWIFT_ACTIVE_COMPILATION_CONDITIONS = "DEBUG $(inherited)";
				SWIFT_OPTIMIZATION_LEVEL = "-Onone";
			};
			name = Debug;
		};
		5FEF8B8F2EDA363A007D3A97 /* Release */ = {
			isa = XCBuildConfiguration;
			buildSettings = {
				ALWAYS_SEARCH_USER_PATHS = NO;
				ASSETCATALOG_COMPILER_GENERATE_SWIFT_ASSET_SYMBOL_EXTENSIONS = YES;
				CLANG_ANALYZER_NONNULL = YES;
				CLANG_ANALYZER_NUMBER_OBJECT_CONVERSION = YES_AGGRESSIVE;
				CLANG_CXX_LANGUAGE_STANDARD = "gnu++20";
				CLANG_ENABLE_MODULES = YES;
				CLANG_ENABLE_OBJC_ARC = YES;
				CLANG_ENABLE_OBJC_WEAK = YES;
				CLANG_WARN_BLOCK_CAPTURE_AUTORELEASING = YES;
				CLANG_WARN_BOOL_CONVERSION = YES;
				CLANG_WARN_COMMA = YES;
				CLANG_WARN_CONSTANT_CONVERSION = YES;
				CLANG_WARN_DEPRECATED_OBJC_IMPLEMENTATIONS = YES;
				CLANG_WARN_DIRECT_OBJC_ISA_USAGE = YES_ERROR;
				CLANG_WARN_DOCUMENTATION_COMMENTS = YES;
				CLANG_WARN_EMPTY_BODY = YES;
				CLANG_WARN_ENUM_CONVERSION = YES;
				CLANG_WARN_INFINITE_RECURSION = YES;
				CLANG_WARN_INT_CONVERSION = YES;
				CLANG_WARN_NON_LITERAL_NULL_CONVERSION = YES;
				CLANG_WARN_OBJC_IMPLICIT_RETAIN_SELF = YES;
				CLANG_WARN_OBJC_LITERAL_CONVERSION = YES;
				CLANG_WARN_OBJC_ROOT_CLASS = YES_ERROR;
				CLANG_WARN_QUOTED_INCLUDE_IN_FRAMEWORK_HEADER = YES;
				CLANG_WARN_RANGE_LOOP_ANALYSIS = YES;
				CLANG_WARN_STRICT_PROTOTYPES = YES;
				CLANG_WARN_SUSPICIOUS_MOVE = YES;
				CLANG_WARN_UNGUARDED_AVAILABILITY = YES_AGGRESSIVE;
				CLANG_WARN_UNREACHABLE_CODE = YES;
				CLANG_WARN__DUPLICATE_METHOD_MATCH = YES;
				COPY_PHASE_STRIP = NO;
				DEBUG_INFORMATION_FORMAT = "dwarf-with-dsym";
				ENABLE_NS_ASSERTIONS = NO;
				ENABLE_STRICT_OBJC_MSGSEND = YES;
				ENABLE_USER_SCRIPT_SANDBOXING = YES;
				GCC_C_LANGUAGE_STANDARD = gnu17;
				GCC_NO_COMMON_BLOCKS = YES;
				GCC_WARN_64_TO_32_BIT_CONVERSION = YES;
				GCC_WARN_ABOUT_RETURN_TYPE = YES_ERROR;
				GCC_WARN_UNDECLARED_SELECTOR = YES;
				GCC_WARN_UNINITIALIZED_AUTOS = YES_AGGRESSIVE;
				GCC_WARN_UNUSED_FUNCTION = YES;
				GCC_WARN_UNUSED_VARIABLE = YES;
				IPHONEOS_DEPLOYMENT_TARGET = 18.5;
				LOCALIZATION_PREFERS_STRING_CATALOGS = YES;
				MTL_ENABLE_DEBUG_INFO = NO;
				MTL_FAST_MATH = YES;
				SDKROOT = iphoneos;
				SWIFT_COMPILATION_MODE = wholemodule;
				VALIDATE_PRODUCT = YES;
			};
			name = Release;
		};
		5FEF8B912EDA363A007D3A97 /* Debug */ = {
			isa = XCBuildConfiguration;
			buildSettings = {
				BUNDLE_LOADER = "$(TEST_HOST)";
				CODE_SIGN_STYLE = Automatic;
				CURRENT_PROJECT_VERSION = 1;
				GENERATE_INFOPLIST_FILE = YES;
				IPHONEOS_DEPLOYMENT_TARGET = 18.5;
				MARKETING_VERSION = 1.0;
				PRODUCT_BUNDLE_IDENTIFIER = com.bignerdranch.ProjectSimulatorTests;
				PRODUCT_NAME = "$(TARGET_NAME)";
				SWIFT_EMIT_LOC_STRINGS = NO;
				SWIFT_VERSION = 5.0;
				TARGETED_DEVICE_FAMILY = "1,2";
				TEST_HOST = "$(BUILT_PRODUCTS_DIR)/ProjectSimulator.app/$(BUNDLE_EXECUTABLE_FOLDER_PATH)/ProjectSimulator";
			};
			name = Debug;
		};
		5FEF8B922EDA363A007D3A97 /* Release */ = {
			isa = XCBuildConfiguration;
			buildSettings = {
				BUNDLE_LOADER = "$(TEST_HOST)";
				CODE_SIGN_STYLE = Automatic;
				CURRENT_PROJECT_VERSION = 1;
				GENERATE_INFOPLIST_FILE = YES;
				IPHONEOS_DEPLOYMENT_TARGET = 18.5;
				MARKETING_VERSION = 1.0;
				PRODUCT_BUNDLE_IDENTIFIER = com.bignerdranch.ProjectSimulatorTests;
				PRODUCT_NAME = "$(TARGET_NAME)";
				SWIFT_EMIT_LOC_STRINGS = NO;
				SWIFT_VERSION = 5.0;
				TARGETED_DEVICE_FAMILY = "1,2";
				TEST_HOST = "$(BUILT_PRODUCTS_DIR)/ProjectSimulator.app/$(BUNDLE_EXECUTABLE_FOLDER_PATH)/ProjectSimulator";
			};
			name = Release;
		};
		5FEF8B942EDA363A007D3A97 /* Debug */ = {
			isa = XCBuildConfiguration;
			buildSettings = {
				CODE_SIGN_STYLE = Automatic;
				CURRENT_PROJECT_VERSION = 1;
				GENERATE_INFOPLIST_FILE = YES;
				MARKETING_VERSION = 1.0;
				PRODUCT_BUNDLE_IDENTIFIER = com.bignerdranch.ProjectSimulatorUITests;
				PRODUCT_NAME = "$(TARGET_NAME)";
				SWIFT_EMIT_LOC_STRINGS = NO;
				SWIFT_VERSION = 5.0;
				TARGETED_DEVICE_FAMILY = "1,2";
				TEST_TARGET_NAME = ProjectSimulator;
			};
			name = Debug;
		};
		5FEF8B952EDA363A007D3A97 /* Release */ = {
			isa = XCBuildConfiguration;
			buildSettings = {
				CODE_SIGN_STYLE = Automatic;
				CURRENT_PROJECT_VERSION = 1;
				GENERATE_INFOPLIST_FILE = YES;
				MARKETING_VERSION = 1.0;
				PRODUCT_BUNDLE_IDENTIFIER = com.bignerdranch.ProjectSimulatorUITests;
				PRODUCT_NAME = "$(TARGET_NAME)";
				SWIFT_EMIT_LOC_STRINGS = NO;
				SWIFT_VERSION = 5.0;
				TARGETED_DEVICE_FAMILY = "1,2";
				TEST_TARGET_NAME = ProjectSimulator;
			};
			name = Release;
		};
/* End XCBuildConfiguration section */

/* Begin XCConfigurationList section */
		5FEF8B5D2EDA3636007D3A97 /* Build configuration list for PBXProject "ProjectSimulator" */ = {
			isa = XCConfigurationList;
			buildConfigurations = (
				5FEF8B8E2EDA363A007D3A97 /* Debug */,
				5FEF8B8F2EDA363A007D3A97 /* Release */,
			);
			defaultConfigurationIsVisible = 0;
			defaultConfigurationName = Release;
		};
		5FEF8B8B2EDA363A007D3A97 /* Build configuration list for PBXNativeTarget "ProjectSimulator" */ = {
			isa = XCConfigurationList;
			buildConfigurations = (
				5FEF8B8C2EDA363A007D3A97 /* Debug */,
				5FEF8B8D2EDA363A007D3A97 /* Release */,
			);
			defaultConfigurationIsVisible = 0;
			defaultConfigurationName = Release;
		};
		5FEF8B902EDA363A007D3A97 /* Build configuration list for PBXNativeTarget "ProjectSimulatorTests" */ = {
			isa = XCConfigurationList;
			buildConfigurations = (
				5FEF8B912EDA363A007D3A97 /* Debug */,
				5FEF8B922EDA363A007D3A97 /* Release */,
			);
			defaultConfigurationIsVisible = 0;
			defaultConfigurationName = Release;
		};
		5FEF8B932EDA363A007D3A97 /* Build configuration list for PBXNativeTarget "ProjectSimulatorUITests" */ = {
			isa = XCConfigurationList;
			buildConfigurations = (
				5FEF8B942EDA363A007D3A97 /* Debug */,
				5FEF8B952EDA363A007D3A97 /* Release */,
			);
			defaultConfigurationIsVisible = 0;
			defaultConfigurationName = Release;
		};
/* End XCConfigurationList section */

/* Begin XCRemoteSwiftPackageReference section */
		D08304AA2F014FCA00289EEC /* XCRemoteSwiftPackageReference "firebase-ios-sdk" */ = {
			isa = XCRemoteSwiftPackageReference;
			repositoryURL = "https://github.com/firebase/firebase-ios-sdk";
			requirement = {
				kind = upToNextMajorVersion;
				minimumVersion = 12.7.0;
			};
		};
		D08304B72F01527400289EEC /* XCRemoteSwiftPackageReference "cloudinary_ios" */ = {
			isa = XCRemoteSwiftPackageReference;
			repositoryURL = "https://github.com/cloudinary/cloudinary_ios";
			requirement = {
				kind = upToNextMajorVersion;
				minimumVersion = 5.2.4;
			};
		};
/* End XCRemoteSwiftPackageReference section */

/* Begin XCSwiftPackageProductDependency section */
		12A272982F021E3F00020DD6 /* FirebaseStorage */ = {
			isa = XCSwiftPackageProductDependency;
			package = D08304AA2F014FCA00289EEC /* XCRemoteSwiftPackageReference "firebase-ios-sdk" */;
			productName = FirebaseStorage;
		};
		D08304AB2F014FCA00289EEC /* FirebaseAnalytics */ = {
			isa = XCSwiftPackageProductDependency;
			package = D08304AA2F014FCA00289EEC /* XCRemoteSwiftPackageReference "firebase-ios-sdk" */;
			productName = FirebaseAnalytics;
		};
		D08304AD2F014FCA00289EEC /* FirebaseAuth */ = {
			isa = XCSwiftPackageProductDependency;
			package = D08304AA2F014FCA00289EEC /* XCRemoteSwiftPackageReference "firebase-ios-sdk" */;
			productName = FirebaseAuth;
		};
		D08304AF2F014FCA00289EEC /* FirebaseCore */ = {
			isa = XCSwiftPackageProductDependency;
			package = D08304AA2F014FCA00289EEC /* XCRemoteSwiftPackageReference "firebase-ios-sdk" */;
			productName = FirebaseCore;
		};
		D08304B12F014FCA00289EEC /* FirebaseCrashlytics */ = {
			isa = XCSwiftPackageProductDependency;
			package = D08304AA2F014FCA00289EEC /* XCRemoteSwiftPackageReference "firebase-ios-sdk" */;
			productName = FirebaseCrashlytics;
		};
		D08304B32F014FCA00289EEC /* FirebaseFirestore */ = {
			isa = XCSwiftPackageProductDependency;
			package = D08304AA2F014FCA00289EEC /* XCRemoteSwiftPackageReference "firebase-ios-sdk" */;
			productName = FirebaseFirestore;
		};
		D08304B52F014FCA00289EEC /* FirebaseMessaging */ = {
			isa = XCSwiftPackageProductDependency;
			package = D08304AA2F014FCA00289EEC /* XCRemoteSwiftPackageReference "firebase-ios-sdk" */;
			productName = FirebaseMessaging;
		};
		D08304B82F01527400289EEC /* Cloudinary */ = {
			isa = XCSwiftPackageProductDependency;
			package = D08304B72F01527400289EEC /* XCRemoteSwiftPackageReference "cloudinary_ios" */;
			productName = Cloudinary;
		};
/* End XCSwiftPackageProductDependency section */
	};
	rootObject = 5FEF8B5A2EDA3636007D3A97 /* Project object */;
}
